
Microsoft Visual Studio Solution File, Format Version 12.00
# Visual Studio Version 16
VisualStudioVersion = 16.0.30413.136
MinimumVisualStudioVersion = 10.0.40219.1
Project("{9A19103F-16F7-4668-BE54-9A1E7A4F7556}") = "lab2", "lab 2\lab2.csproj", "{429428D0-38D4-4942-93B7-C931F2C13F65}"
EndProject
Project("{FAE04EC0-301F-11D3-BF4B-00C04F79EFBC}") = "labs2.test", "labs2.test\labs2.test.csproj", "{65222243-9BD4-4B8B-9794-6D4636F5F851}"
EndProject
Global
	GlobalSection(SolutionConfigurationPlatforms) = preSolution
		Debug|Any CPU = Debug|Any CPU
		Release|Any CPU = Release|Any CPU
	EndGlobalSection
	GlobalSection(ProjectConfigurationPlatforms) = postSolution
		{429428D0-38D4-4942-93B7-C931F2C13F65}.Debug|Any CPU.ActiveCfg = Debug|Any CPU
		{429428D0-38D4-4942-93B7-C931F2C13F65}.Debug|Any CPU.Build.0 = Debug|Any CPU
		{429428D0-38D4-4942-93B7-C931F2C13F65}.Release|Any CPU.ActiveCfg = Release|Any CPU
		{429428D0-38D4-4942-93B7-C931F2C13F65}.Release|Any CPU.Build.0 = Release|Any CPU
		{65222243-9BD4-4B8B-9794-6D4636F5F851}.Debug|Any CPU.ActiveCfg = Debug|Any CPU
		{65222243-9BD4-4B8B-9794-6D4636F5F851}.Debug|Any CPU.Build.0 = Debug|Any CPU
		{65222243-9BD4-4B8B-9794-6D4636F5F851}.Release|Any CPU.ActiveCfg = Release|Any CPU
		{65222243-9BD4-4B8B-9794-6D4636F5F851}.Release|Any CPU.Build.0 = Release|Any CPU
	EndGlobalSection
	GlobalSection(SolutionProperties) = preSolution
		HideSolutionNode = FALSE
	EndGlobalSection
	GlobalSection(ExtensibilityGlobals) = postSolution
		SolutionGuid = {06742932-66E5-48B3-A28C-13CB54687333}
	EndGlobalSection
EndGlobal
